// !$*UTF8*$!
{
	archiveVersion = 1;
	classes = {
	};
	objectVersion = 50;
	objects = {

/* Begin PBXBuildFile section */
		1D74469D262168BF0006661C /* AppDelegate.swift in Sources */ = {isa = PBXBuildFile; fileRef = 1D74469C262168BF0006661C /* AppDelegate.swift */; };
		1D74469F262168BF0006661C /* SceneDelegate.swift in Sources */ = {isa = PBXBuildFile; fileRef = 1D74469E262168BF0006661C /* SceneDelegate.swift */; };
		1D7446A4262168BF0006661C /* Main.storyboard in Resources */ = {isa = PBXBuildFile; fileRef = 1D7446A2262168BF0006661C /* Main.storyboard */; };
		1D7446A6262168C00006661C /* Assets.xcassets in Resources */ = {isa = PBXBuildFile; fileRef = 1D7446A5262168C00006661C /* Assets.xcassets */; };
		1D7446A9262168C00006661C /* LaunchScreen.storyboard in Resources */ = {isa = PBXBuildFile; fileRef = 1D7446A7262168C00006661C /* LaunchScreen.storyboard */; };
		1D7446B52621691B0006661C /* ResourceLoader.swift in Sources */ = {isa = PBXBuildFile; fileRef = 1D7446B42621691B0006661C /* ResourceLoader.swift */; };
		1D7446B82621693D0006661C /* LogoQuizController.swift in Sources */ = {isa = PBXBuildFile; fileRef = 1D7446B72621693D0006661C /* LogoQuizController.swift */; };
		1D7446BB262169530006661C /* LogoQuizViewModel.swift in Sources */ = {isa = PBXBuildFile; fileRef = 1D7446BA262169530006661C /* LogoQuizViewModel.swift */; };
		1D7446BF262169A60006661C /* logoList.json in Resources */ = {isa = PBXBuildFile; fileRef = 1D7446BE262169A60006661C /* logoList.json */; };
		1D7446C226216A920006661C /* Logo.swift in Sources */ = {isa = PBXBuildFile; fileRef = 1D7446C126216A920006661C /* Logo.swift */; };
		1D7446C7262172A60006661C /* UIImage+Extension.swift in Sources */ = {isa = PBXBuildFile; fileRef = 1D7446C6262172A60006661C /* UIImage+Extension.swift */; };
		1D7446CA262174A70006661C /* InputKeyboard.swift in Sources */ = {isa = PBXBuildFile; fileRef = 1D7446C9262174A70006661C /* InputKeyboard.swift */; };
		1D7446CD262179750006661C /* InputKeyboardViewModel.swift in Sources */ = {isa = PBXBuildFile; fileRef = 1D7446CC262179750006661C /* InputKeyboardViewModel.swift */; };
		1D7446D0262183C70006661C /* ScoreKeeper.swift in Sources */ = {isa = PBXBuildFile; fileRef = 1D7446CF262183C70006661C /* ScoreKeeper.swift */; };
/* End PBXBuildFile section */

/* Begin PBXFileReference section */
		1D744699262168BF0006661C /* LogoQuiz.app */ = {isa = PBXFileReference; explicitFileType = wrapper.application; includeInIndex = 0; path = LogoQuiz.app; sourceTree = BUILT_PRODUCTS_DIR; };
		1D74469C262168BF0006661C /* AppDelegate.swift */ = {isa = PBXFileReference; lastKnownFileType = sourcecode.swift; path = AppDelegate.swift; sourceTree = "<group>"; };
		1D74469E262168BF0006661C /* SceneDelegate.swift */ = {isa = PBXFileReference; lastKnownFileType = sourcecode.swift; path = SceneDelegate.swift; sourceTree = "<group>"; };
		1D7446A3262168BF0006661C /* Base */ = {isa = PBXFileReference; lastKnownFileType = file.storyboard; name = Base; path = Base.lproj/Main.storyboard; sourceTree = "<group>"; };
		1D7446A5262168C00006661C /* Assets.xcassets */ = {isa = PBXFileReference; lastKnownFileType = folder.assetcatalog; path = Assets.xcassets; sourceTree = "<group>"; };
		1D7446A8262168C00006661C /* Base */ = {isa = PBXFileReference; lastKnownFileType = file.storyboard; name = Base; path = Base.lproj/LaunchScreen.storyboard; sourceTree = "<group>"; };
		1D7446AA262168C00006661C /* Info.plist */ = {isa = PBXFileReference; lastKnownFileType = text.plist.xml; path = Info.plist; sourceTree = "<group>"; };
		1D7446B42621691B0006661C /* ResourceLoader.swift */ = {isa = PBXFileReference; lastKnownFileType = sourcecode.swift; path = ResourceLoader.swift; sourceTree = "<group>"; };
		1D7446B72621693D0006661C /* LogoQuizController.swift */ = {isa = PBXFileReference; lastKnownFileType = sourcecode.swift; path = LogoQuizController.swift; sourceTree = "<group>"; };
		1D7446BA262169530006661C /* LogoQuizViewModel.swift */ = {isa = PBXFileReference; lastKnownFileType = sourcecode.swift; path = LogoQuizViewModel.swift; sourceTree = "<group>"; };
		1D7446BE262169A60006661C /* logoList.json */ = {isa = PBXFileReference; lastKnownFileType = text.json; path = logoList.json; sourceTree = "<group>"; };
		1D7446C126216A920006661C /* Logo.swift */ = {isa = PBXFileReference; lastKnownFileType = sourcecode.swift; path = Logo.swift; sourceTree = "<group>"; };
		1D7446C6262172A60006661C /* UIImage+Extension.swift */ = {isa = PBXFileReference; lastKnownFileType = sourcecode.swift; path = "UIImage+Extension.swift"; sourceTree = "<group>"; };
		1D7446C9262174A70006661C /* InputKeyboard.swift */ = {isa = PBXFileReference; lastKnownFileType = sourcecode.swift; path = InputKeyboard.swift; sourceTree = "<group>"; };
		1D7446CC262179750006661C /* InputKeyboardViewModel.swift */ = {isa = PBXFileReference; lastKnownFileType = sourcecode.swift; path = InputKeyboardViewModel.swift; sourceTree = "<group>"; };
		1D7446CF262183C70006661C /* ScoreKeeper.swift */ = {isa = PBXFileReference; lastKnownFileType = sourcecode.swift; path = ScoreKeeper.swift; sourceTree = "<group>"; };
/* End PBXFileReference section */

/* Begin PBXFrameworksBuildPhase section */
		1D744696262168BF0006661C /* Frameworks */ = {
			isa = PBXFrameworksBuildPhase;
			buildActionMask = 2147483647;
			files = (
			);
			runOnlyForDeploymentPostprocessing = 0;
		};
/* End PBXFrameworksBuildPhase section */

/* Begin PBXGroup section */
		1D744690262168BF0006661C = {
			isa = PBXGroup;
			children = (
				1D74469B262168BF0006661C /* LogoQuiz */,
				1D74469A262168BF0006661C /* Products */,
			);
			sourceTree = "<group>";
		};
		1D74469A262168BF0006661C /* Products */ = {
			isa = PBXGroup;
			children = (
				1D744699262168BF0006661C /* LogoQuiz.app */,
			);
			name = Products;
			sourceTree = "<group>";
		};
		1D74469B262168BF0006661C /* LogoQuiz */ = {
			isa = PBXGroup;
			children = (
				1D7446D2262188910006661C /* Sources */,
				1D7446D4262188A00006661C /* Controller */,
				1D7446D6262188AA0006661C /* ViewModel */,
				1D7446DA262188DE0006661C /* Model */,
				1D7446D8262188B20006661C /* Helper */,
			);
			path = LogoQuiz;
			sourceTree = "<group>";
		};
		1D7446D2262188910006661C /* Sources */ = {
			isa = PBXGroup;
			children = (
				1D7446BE262169A60006661C /* logoList.json */,
				1D74469C262168BF0006661C /* AppDelegate.swift */,
				1D74469E262168BF0006661C /* SceneDelegate.swift */,
				1D7446A2262168BF0006661C /* Main.storyboard */,
				1D7446A5262168C00006661C /* Assets.xcassets */,
				1D7446A7262168C00006661C /* LaunchScreen.storyboard */,
				1D7446AA262168C00006661C /* Info.plist */,
			);
			path = Sources;
			sourceTree = "<group>";
		};
		1D7446D4262188A00006661C /* Controller */ = {
			isa = PBXGroup;
			children = (
				1D7446C9262174A70006661C /* InputKeyboard.swift */,
				1D7446B72621693D0006661C /* LogoQuizController.swift */,
			);
			path = Controller;
			sourceTree = "<group>";
		};
		1D7446D6262188AA0006661C /* ViewModel */ = {
			isa = PBXGroup;
			children = (
				1D7446BA262169530006661C /* LogoQuizViewModel.swift */,
				1D7446CC262179750006661C /* InputKeyboardViewModel.swift */,
			);
			path = ViewModel;
			sourceTree = "<group>";
		};
		1D7446D8262188B20006661C /* Helper */ = {
			isa = PBXGroup;
			children = (
				1D7446B42621691B0006661C /* ResourceLoader.swift */,
				1D7446C6262172A60006661C /* UIImage+Extension.swift */,
			);
			path = Helper;
			sourceTree = "<group>";
		};
		1D7446DA262188DE0006661C /* Model */ = {
			isa = PBXGroup;
			children = (
				1D7446C126216A920006661C /* Logo.swift */,
				1D7446CF262183C70006661C /* ScoreKeeper.swift */,
			);
			path = Model;
			sourceTree = "<group>";
		};
/* End PBXGroup section */

/* Begin PBXNativeTarget section */
		1D744698262168BF0006661C /* LogoQuiz */ = {
			isa = PBXNativeTarget;
			buildConfigurationList = 1D7446AD262168C00006661C /* Build configuration list for PBXNativeTarget "LogoQuiz" */;
			buildPhases = (
				1D744695262168BF0006661C /* Sources */,
				1D744696262168BF0006661C /* Frameworks */,
				1D744697262168BF0006661C /* Resources */,
			);
			buildRules = (
			);
			dependencies = (
			);
			name = LogoQuiz;
			productName = LogoQuiz;
			productReference = 1D744699262168BF0006661C /* LogoQuiz.app */;
			productType = "com.apple.product-type.application";
		};
/* End PBXNativeTarget section */

/* Begin PBXProject section */
		1D744691262168BF0006661C /* Project object */ = {
			isa = PBXProject;
			attributes = {
				LastSwiftUpdateCheck = 1240;
				LastUpgradeCheck = 1240;
				TargetAttributes = {
					1D744698262168BF0006661C = {
						CreatedOnToolsVersion = 12.4;
					};
				};
			};
			buildConfigurationList = 1D744694262168BF0006661C /* Build configuration list for PBXProject "LogoQuiz" */;
			compatibilityVersion = "Xcode 9.3";
			developmentRegion = en;
			hasScannedForEncodings = 0;
			knownRegions = (
				en,
				Base,
			);
			mainGroup = 1D744690262168BF0006661C;
			productRefGroup = 1D74469A262168BF0006661C /* Products */;
			projectDirPath = "";
			projectRoot = "";
			targets = (
				1D744698262168BF0006661C /* LogoQuiz */,
			);
		};
/* End PBXProject section */

/* Begin PBXResourcesBuildPhase section */
		1D744697262168BF0006661C /* Resources */ = {
			isa = PBXResourcesBuildPhase;
			buildActionMask = 2147483647;
			files = (
				1D7446A9262168C00006661C /* LaunchScreen.storyboard in Resources */,
				1D7446A6262168C00006661C /* Assets.xcassets in Resources */,
				1D7446BF262169A60006661C /* logoList.json in Resources */,
				1D7446A4262168BF0006661C /* Main.storyboard in Resources */,
			);
			runOnlyForDeploymentPostprocessing = 0;
		};
/* End PBXResourcesBuildPhase section */

/* Begin PBXSourcesBuildPhase section */
		1D744695262168BF0006661C /* Sources */ = {
			isa = PBXSourcesBuildPhase;
			buildActionMask = 2147483647;
			files = (
				1D7446C226216A920006661C /* Logo.swift in Sources */,
				1D7446C7262172A60006661C /* UIImage+Extension.swift in Sources */,
				1D7446B82621693D0006661C /* LogoQuizController.swift in Sources */,
				1D7446BB262169530006661C /* LogoQuizViewModel.swift in Sources */,
				1D74469D262168BF0006661C /* AppDelegate.swift in Sources */,
				1D7446CD262179750006661C /* InputKeyboardViewModel.swift in Sources */,
				1D7446D0262183C70006661C /* ScoreKeeper.swift in Sources */,
				1D7446B52621691B0006661C /* ResourceLoader.swift in Sources */,
				1D74469F262168BF0006661C /* SceneDelegate.swift in Sources */,
				1D7446CA262174A70006661C /* InputKeyboard.swift in Sources */,
			);
			runOnlyForDeploymentPostprocessing = 0;
		};
/* End PBXSourcesBuildPhase section */

/* Begin PBXVariantGroup section */
		1D7446A2262168BF0006661C /* Main.storyboard */ = {
			isa = PBXVariantGroup;
			children = (
				1D7446A3262168BF0006661C /* Base */,
			);
			name = Main.storyboard;
			sourceTree = "<group>";
		};
		1D7446A7262168C00006661C /* LaunchScreen.storyboard */ = {
			isa = PBXVariantGroup;
			children = (
				1D7446A8262168C00006661C /* Base */,
			);
			name = LaunchScreen.storyboard;
			sourceTree = "<group>";
		};
/* End PBXVariantGroup section */

/* Begin XCBuildConfiguration section */
		1D7446AB262168C00006661C /* Debug */ = {
			isa = XCBuildConfiguration;
			buildSettings = {
				ALWAYS_SEARCH_USER_PATHS = NO;
				CLANG_ANALYZER_NONNULL = YES;
				CLANG_ANALYZER_NUMBER_OBJECT_CONVERSION = YES_AGGRESSIVE;
				CLANG_CXX_LANGUAGE_STANDARD = "gnu++14";
				CLANG_CXX_LIBRARY = "libc++";
				CLANG_ENABLE_MODULES = YES;
				CLANG_ENABLE_OBJC_ARC = YES;
				CLANG_ENABLE_OBJC_WEAK = YES;
				CLANG_WARN_BLOCK_CAPTURE_AUTORELEASING = YES;
				CLANG_WARN_BOOL_CONVERSION = YES;
				CLANG_WARN_COMMA = YES;
				CLANG_WARN_CONSTANT_CONVERSION = YES;
				CLANG_WARN_DEPRECATED_OBJC_IMPLEMENTATIONS = YES;
				CLANG_WARN_DIRECT_OBJC_ISA_USAGE = YES_ERROR;
				CLANG_WARN_DOCUMENTATION_COMMENTS = YES;
				CLANG_WARN_EMPTY_BODY = YES;
				CLANG_WARN_ENUM_CONVERSION = YES;
				CLANG_WARN_INFINITE_RECURSION = YES;
				CLANG_WARN_INT_CONVERSION = YES;
				CLANG_WARN_NON_LITERAL_NULL_CONVERSION = YES;
				CLANG_WARN_OBJC_IMPLICIT_RETAIN_SELF = YES;
				CLANG_WARN_OBJC_LITERAL_CONVERSION = YES;
				CLANG_WARN_OBJC_ROOT_CLASS = YES_ERROR;
				CLANG_WARN_QUOTED_INCLUDE_IN_FRAMEWORK_HEADER = YES;
				CLANG_WARN_RANGE_LOOP_ANALYSIS = YES;
				CLANG_WARN_STRICT_PROTOTYPES = YES;
				CLANG_WARN_SUSPICIOUS_MOVE = YES;
				CLANG_WARN_UNGUARDED_AVAILABILITY = YES_AGGRESSIVE;
				CLANG_WARN_UNREACHABLE_CODE = YES;
				CLANG_WARN__DUPLICATE_METHOD_MATCH = YES;
				COPY_PHASE_STRIP = NO;
				DEBUG_INFORMATION_FORMAT = dwarf;
				ENABLE_STRICT_OBJC_MSGSEND = YES;
				ENABLE_TESTABILITY = YES;
				GCC_C_LANGUAGE_STANDARD = gnu11;
				GCC_DYNAMIC_NO_PIC = NO;
				GCC_NO_COMMON_BLOCKS = YES;
				GCC_OPTIMIZATION_LEVEL = 0;
				GCC_PREPROCESSOR_DEFINITIONS = (
					"DEBUG=1",
					"$(inherited)",
				);
				GCC_WARN_64_TO_32_BIT_CONVERSION = YES;
				GCC_WARN_ABOUT_RETURN_TYPE = YES_ERROR;
				GCC_WARN_UNDECLARED_SELECTOR = YES;
				GCC_WARN_UNINITIALIZED_AUTOS = YES_AGGRESSIVE;
				GCC_WARN_UNUSED_FUNCTION = YES;
				GCC_WARN_UNUSED_VARIABLE = YES;
				IPHONEOS_DEPLOYMENT_TARGET = 14.4;
				MTL_ENABLE_DEBUG_INFO = INCLUDE_SOURCE;
				MTL_FAST_MATH = YES;
				ONLY_ACTIVE_ARCH = YES;
				SDKROOT = iphoneos;
				SWIFT_ACTIVE_COMPILATION_CONDITIONS = DEBUG;
				SWIFT_OPTIMIZATION_LEVEL = "-Onone";
			};
			name = Debug;
		};
		1D7446AC262168C00006661C /* Release */ = {
			isa = XCBuildConfiguration;
			buildSettings = {
				ALWAYS_SEARCH_USER_PATHS = NO;
				CLANG_ANALYZER_NONNULL = YES;
				CLANG_ANALYZER_NUMBER_OBJECT_CONVERSION = YES_AGGRESSIVE;
				CLANG_CXX_LANGUAGE_STANDARD = "gnu++14";
				CLANG_CXX_LIBRARY = "libc++";
				CLANG_ENABLE_MODULES = YES;
				CLANG_ENABLE_OBJC_ARC = YES;
				CLANG_ENABLE_OBJC_WEAK = YES;
				CLANG_WARN_BLOCK_CAPTURE_AUTORELEASING = YES;
				CLANG_WARN_BOOL_CONVERSION = YES;
				CLANG_WARN_COMMA = YES;
				CLANG_WARN_CONSTANT_CONVERSION = YES;
				CLANG_WARN_DEPRECATED_OBJC_IMPLEMENTATIONS = YES;
				CLANG_WARN_DIRECT_OBJC_ISA_USAGE = YES_ERROR;
				CLANG_WARN_DOCUMENTATION_COMMENTS = YES;
				CLANG_WARN_EMPTY_BODY = YES;
				CLANG_WARN_ENUM_CONVERSION = YES;
				CLANG_WARN_INFINITE_RECURSION = YES;
				CLANG_WARN_INT_CONVERSION = YES;
				CLANG_WARN_NON_LITERAL_NULL_CONVERSION = YES;
				CLANG_WARN_OBJC_IMPLICIT_RETAIN_SELF = YES;
				CLANG_WARN_OBJC_LITERAL_CONVERSION = YES;
				CLANG_WARN_OBJC_ROOT_CLASS = YES_ERROR;
				CLANG_WARN_QUOTED_INCLUDE_IN_FRAMEWORK_HEADER = YES;
				CLANG_WARN_RANGE_LOOP_ANALYSIS = YES;
				CLANG_WARN_STRICT_PROTOTYPES = YES;
				CLANG_WARN_SUSPICIOUS_MOVE = YES;
				CLANG_WARN_UNGUARDED_AVAILABILITY = YES_AGGRESSIVE;
				CLANG_WARN_UNREACHABLE_CODE = YES;
				CLANG_WARN__DUPLICATE_METHOD_MATCH = YES;
				COPY_PHASE_STRIP = NO;
				DEBUG_INFORMATION_FORMAT = "dwarf-with-dsym";
				ENABLE_NS_ASSERTIONS = NO;
				ENABLE_STRICT_OBJC_MSGSEND = YES;
				GCC_C_LANGUAGE_STANDARD = gnu11;
				GCC_NO_COMMON_BLOCKS = YES;
				GCC_WARN_64_TO_32_BIT_CONVERSION = YES;
				GCC_WARN_ABOUT_RETURN_TYPE = YES_ERROR;
				GCC_WARN_UNDECLARED_SELECTOR = YES;
				GCC_WARN_UNINITIALIZED_AUTOS = YES_AGGRESSIVE;
				GCC_WARN_UNUSED_FUNCTION = YES;
				GCC_WARN_UNUSED_VARIABLE = YES;
				IPHONEOS_DEPLOYMENT_TARGET = 14.4;
				MTL_ENABLE_DEBUG_INFO = NO;
				MTL_FAST_MATH = YES;
				SDKROOT = iphoneos;
				SWIFT_COMPILATION_MODE = wholemodule;
				SWIFT_OPTIMIZATION_LEVEL = "-O";
				VALIDATE_PRODUCT = YES;
			};
			name = Release;
		};
		1D7446AE262168C00006661C /* Debug */ = {
			isa = XCBuildConfiguration;
			buildSettings = {
				ASSETCATALOG_COMPILER_APPICON_NAME = AppIcon;
				ASSETCATALOG_COMPILER_GLOBAL_ACCENT_COLOR_NAME = AccentColor;
				CODE_SIGN_STYLE = Automatic;
				DEVELOPMENT_TEAM = 3433QWJ797;
				INFOPLIST_FILE = LogoQuiz/Sources/Info.plist;
				LD_RUNPATH_SEARCH_PATHS = (
					"$(inherited)",
					"@executable_path/Frameworks",
				);
				PRODUCT_BUNDLE_IDENTIFIER = com.phonepe.test.LogoQuiz;
				PRODUCT_NAME = "$(TARGET_NAME)";
				SWIFT_VERSION = 5.0;
				TARGETED_DEVICE_FAMILY = "1,2";
			};
			name = Debug;
		};
		1D7446AF262168C00006661C /* Release */ = {
			isa = XCBuildConfiguration;
			buildSettings = {
				ASSETCATALOG_COMPILER_APPICON_NAME = AppIcon;
				ASSETCATALOG_COMPILER_GLOBAL_ACCENT_COLOR_NAME = AccentColor;
				CODE_SIGN_STYLE = Automatic;
				DEVELOPMENT_TEAM = 3433QWJ797;
				INFOPLIST_FILE = LogoQuiz/Sources/Info.plist;
				LD_RUNPATH_SEARCH_PATHS = (
					"$(inherited)",
					"@executable_path/Frameworks",
				);
				PRODUCT_BUNDLE_IDENTIFIER = com.phonepe.test.LogoQuiz;
				PRODUCT_NAME = "$(TARGET_NAME)";
				SWIFT_VERSION = 5.0;
				TARGETED_DEVICE_FAMILY = "1,2";
			};
			name = Release;
		};
/* End XCBuildConfiguration section */

/* Begin XCConfigurationList section */
		1D744694262168BF0006661C /* Build configuration list for PBXProject "LogoQuiz" */ = {
			isa = XCConfigurationList;
			buildConfigurations = (
				1D7446AB262168C00006661C /* Debug */,
				1D7446AC262168C00006661C /* Release */,
			);
			defaultConfigurationIsVisible = 0;
			defaultConfigurationName = Release;
		};
		1D7446AD262168C00006661C /* Build configuration list for PBXNativeTarget "LogoQuiz" */ = {
			isa = XCConfigurationList;
			buildConfigurations = (
				1D7446AE262168C00006661C /* Debug */,
				1D7446AF262168C00006661C /* Release */,
			);
			defaultConfigurationIsVisible = 0;
			defaultConfigurationName = Release;
		};
/* End XCConfigurationList section */
	};
	rootObject = 1D744691262168BF0006661C /* Project object */;
}
